// !$*UTF8*$!
{
	archiveVersion = 1;
	classes = {
	};
	objectVersion = 46;
	objects = {

/* Begin PBXBuildFile section */
		F657B8691BE8EF8800CD710D /* AppDelegate.swift in Sources */ = {isa = PBXBuildFile; fileRef = F657B8681BE8EF8800CD710D /* AppDelegate.swift */; };
		F657B86B1BE8EF8800CD710D /* ViewController.swift in Sources */ = {isa = PBXBuildFile; fileRef = F657B86A1BE8EF8800CD710D /* ViewController.swift */; };
		F657B86E1BE8EF8800CD710D /* Main.storyboard in Resources */ = {isa = PBXBuildFile; fileRef = F657B86C1BE8EF8800CD710D /* Main.storyboard */; };
		F657B8701BE8EF8800CD710D /* Assets.xcassets in Resources */ = {isa = PBXBuildFile; fileRef = F657B86F1BE8EF8800CD710D /* Assets.xcassets */; };
		F657B8731BE8EF8800CD710D /* LaunchScreen.storyboard in Resources */ = {isa = PBXBuildFile; fileRef = F657B8711BE8EF8800CD710D /* LaunchScreen.storyboard */; };
		F657B87E1BE8EF8800CD710D /* FoodTrackerTests.swift in Sources */ = {isa = PBXBuildFile; fileRef = F657B87D1BE8EF8800CD710D /* FoodTrackerTests.swift */; };
/* End PBXBuildFile section */

/* Begin PBXContainerItemProxy section */
		F657B87A1BE8EF8800CD710D /* PBXContainerItemProxy */ = {
			isa = PBXContainerItemProxy;
			containerPortal = F657B85D1BE8EF8800CD710D /* Project object */;
			proxyType = 1;
			remoteGlobalIDString = F657B8641BE8EF8800CD710D;
			remoteInfo = FoodTracker;
		};
/* End PBXContainerItemProxy section */

/* Begin PBXFileReference section */
		F657B8651BE8EF8800CD710D /* FoodTracker.app */ = {isa = PBXFileReference; explicitFileType = wrapper.application; includeInIndex = 0; path = FoodTracker.app; sourceTree = BUILT_PRODUCTS_DIR; };
		F657B8681BE8EF8800CD710D /* AppDelegate.swift */ = {isa = PBXFileReference; lastKnownFileType = sourcecode.swift; path = AppDelegate.swift; sourceTree = "<group>"; };
		F657B86A1BE8EF8800CD710D /* ViewController.swift */ = {isa = PBXFileReference; lastKnownFileType = sourcecode.swift; path = ViewController.swift; sourceTree = "<group>"; };
		F657B86D1BE8EF8800CD710D /* Base */ = {isa = PBXFileReference; lastKnownFileType = file.storyboard; name = Base; path = Base.lproj/Main.storyboard; sourceTree = "<group>"; };
		F657B86F1BE8EF8800CD710D /* Assets.xcassets */ = {isa = PBXFileReference; lastKnownFileType = folder.assetcatalog; path = Assets.xcassets; sourceTree = "<group>"; };
		F657B8721BE8EF8800CD710D /* Base */ = {isa = PBXFileReference; lastKnownFileType = file.storyboard; name = Base; path = Base.lproj/LaunchScreen.storyboard; sourceTree = "<group>"; };
		F657B8741BE8EF8800CD710D /* Info.plist */ = {isa = PBXFileReference; lastKnownFileType = text.plist.xml; path = Info.plist; sourceTree = "<group>"; };
		F657B8791BE8EF8800CD710D /* FoodTrackerTests.xctest */ = {isa = PBXFileReference; explicitFileType = wrapper.cfbundle; includeInIndex = 0; path = FoodTrackerTests.xctest; sourceTree = BUILT_PRODUCTS_DIR; };
		F657B87D1BE8EF8800CD710D /* FoodTrackerTests.swift */ = {isa = PBXFileReference; lastKnownFileType = sourcecode.swift; path = FoodTrackerTests.swift; sourceTree = "<group>"; };
		F657B87F1BE8EF8800CD710D /* Info.plist */ = {isa = PBXFileReference; lastKnownFileType = text.plist.xml; path = Info.plist; sourceTree = "<group>"; };
/* End PBXFileReference section */

/* Begin PBXFrameworksBuildPhase section */
		F657B8621BE8EF8800CD710D /* Frameworks */ = {
			isa = PBXFrameworksBuildPhase;
			buildActionMask = 2147483647;
			files = (
			);
			runOnlyForDeploymentPostprocessing = 0;
		};
		F657B8761BE8EF8800CD710D /* Frameworks */ = {
			isa = PBXFrameworksBuildPhase;
			buildActionMask = 2147483647;
			files = (
			);
			runOnlyForDeploymentPostprocessing = 0;
		};
/* End PBXFrameworksBuildPhase section */

/* Begin PBXGroup section */
		F657B85C1BE8EF8800CD710D = {
			isa = PBXGroup;
			children = (
				F657B8671BE8EF8800CD710D /* FoodTracker */,
				F657B87C1BE8EF8800CD710D /* FoodTrackerTests */,
				F657B8661BE8EF8800CD710D /* Products */,
			);
			sourceTree = "<group>";
		};
		F657B8661BE8EF8800CD710D /* Products */ = {
			isa = PBXGroup;
			children = (
				F657B8651BE8EF8800CD710D /* FoodTracker.app */,
				F657B8791BE8EF8800CD710D /* FoodTrackerTests.xctest */,
			);
			name = Products;
			sourceTree = "<group>";
		};
		F657B8671BE8EF8800CD710D /* FoodTracker */ = {
			isa = PBXGroup;
			children = (
				F657B8681BE8EF8800CD710D /* AppDelegate.swift */,
				F657B86A1BE8EF8800CD710D /* ViewController.swift */,
				F657B86C1BE8EF8800CD710D /* Main.storyboard */,
				F657B86F1BE8EF8800CD710D /* Assets.xcassets */,
				F657B8711BE8EF8800CD710D /* LaunchScreen.storyboard */,
				F657B8741BE8EF8800CD710D /* Info.plist */,
			);
			path = FoodTracker;
			sourceTree = "<group>";
		};
		F657B87C1BE8EF8800CD710D /* FoodTrackerTests */ = {
			isa = PBXGroup;
			children = (
				F657B87D1BE8EF8800CD710D /* FoodTrackerTests.swift */,
				F657B87F1BE8EF8800CD710D /* Info.plist */,
			);
			path = FoodTrackerTests;
			sourceTree = "<group>";
		};
/* End PBXGroup section */

/* Begin PBXNativeTarget section */
		F657B8641BE8EF8800CD710D /* FoodTracker */ = {
			isa = PBXNativeTarget;
			buildConfigurationList = F657B8821BE8EF8800CD710D /* Build configuration list for PBXNativeTarget "FoodTracker" */;
			buildPhases = (
				F657B8611BE8EF8800CD710D /* Sources */,
				F657B8621BE8EF8800CD710D /* Frameworks */,
				F657B8631BE8EF8800CD710D /* Resources */,
			);
			buildRules = (
			);
			dependencies = (
			);
			name = FoodTracker;
			productName = FoodTracker;
			productReference = F657B8651BE8EF8800CD710D /* FoodTracker.app */;
			productType = "com.apple.product-type.application";
		};
		F657B8781BE8EF8800CD710D /* FoodTrackerTests */ = {
			isa = PBXNativeTarget;
			buildConfigurationList = F657B8851BE8EF8800CD710D /* Build configuration list for PBXNativeTarget "FoodTrackerTests" */;
			buildPhases = (
				F657B8751BE8EF8800CD710D /* Sources */,
				F657B8761BE8EF8800CD710D /* Frameworks */,
				F657B8771BE8EF8800CD710D /* Resources */,
			);
			buildRules = (
			);
			dependencies = (
				F657B87B1BE8EF8800CD710D /* PBXTargetDependency */,
			);
			name = FoodTrackerTests;
			productName = FoodTrackerTests;
			productReference = F657B8791BE8EF8800CD710D /* FoodTrackerTests.xctest */;
			productType = "com.apple.product-type.bundle.unit-test";
		};
/* End PBXNativeTarget section */

/* Begin PBXProject section */
		F657B85D1BE8EF8800CD710D /* Project object */ = {
			isa = PBXProject;
			attributes = {
				LastSwiftUpdateCheck = 0710;
				LastUpgradeCheck = 0710;
				ORGANIZATIONNAME = LuoLewis;
				TargetAttributes = {
					F657B8641BE8EF8800CD710D = {
						CreatedOnToolsVersion = 7.1;
					};
					F657B8781BE8EF8800CD710D = {
						CreatedOnToolsVersion = 7.1;
						TestTargetID = F657B8641BE8EF8800CD710D;
					};
				};
			};
			buildConfigurationList = F657B8601BE8EF8800CD710D /* Build configuration list for PBXProject "FoodTracker" */;
			compatibilityVersion = "Xcode 3.2";
			developmentRegion = English;
			hasScannedForEncodings = 0;
			knownRegions = (
				en,
				Base,
			);
			mainGroup = F657B85C1BE8EF8800CD710D;
			productRefGroup = F657B8661BE8EF8800CD710D /* Products */;
			projectDirPath = "";
			projectRoot = "";
			targets = (
				F657B8641BE8EF8800CD710D /* FoodTracker */,
				F657B8781BE8EF8800CD710D /* FoodTrackerTests */,
			);
		};
/* End PBXProject section */

/* Begin PBXResourcesBuildPhase section */
		F657B8631BE8EF8800CD710D /* Resources */ = {
			isa = PBXResourcesBuildPhase;
			buildActionMask = 2147483647;
			files = (
				F657B8731BE8EF8800CD710D /* LaunchScreen.storyboard in Resources */,
				F657B8701BE8EF8800CD710D /* Assets.xcassets in Resources */,
				F657B86E1BE8EF8800CD710D /* Main.storyboard in Resources */,
			);
			runOnlyForDeploymentPostprocessing = 0;
		};
		F657B8771BE8EF8800CD710D /* Resources */ = {
			isa = PBXResourcesBuildPhase;
			buildActionMask = 2147483647;
			files = (
			);
			runOnlyForDeploymentPostprocessing = 0;
		};
/* End PBXResourcesBuildPhase section */

/* Begin PBXSourcesBuildPhase section */
		F657B8611BE8EF8800CD710D /* Sources */ = {
			isa = PBXSourcesBuildPhase;
			buildActionMask = 2147483647;
			files = (
				F657B86B1BE8EF8800CD710D /* ViewController.swift in Sources */,
				F657B8691BE8EF8800CD710D /* AppDelegate.swift in Sources */,
			);
			runOnlyForDeploymentPostprocessing = 0;
		};
		F657B8751BE8EF8800CD710D /* Sources */ = {
			isa = PBXSourcesBuildPhase;
			buildActionMask = 2147483647;
			files = (
				F657B87E1BE8EF8800CD710D /* FoodTrackerTests.swift in Sources */,
			);
			runOnlyForDeploymentPostprocessing = 0;
		};
/* End PBXSourcesBuildPhase section */

/* Begin PBXTargetDependency section */
		F657B87B1BE8EF8800CD710D /* PBXTargetDependency */ = {
			isa = PBXTargetDependency;
			target = F657B8641BE8EF8800CD710D /* FoodTracker */;
			targetProxy = F657B87A1BE8EF8800CD710D /* PBXContainerItemProxy */;
		};
/* End PBXTargetDependency section */

/* Begin PBXVariantGroup section */
		F657B86C1BE8EF8800CD710D /* Main.storyboard */ = {
			isa = PBXVariantGroup;
			children = (
				F657B86D1BE8EF8800CD710D /* Base */,
			);
			name = Main.storyboard;
			sourceTree = "<group>";
		};
		F657B8711BE8EF8800CD710D /* LaunchScreen.storyboard */ = {
			isa = PBXVariantGroup;
			children = (
				F657B8721BE8EF8800CD710D /* Base */,
			);
			name = LaunchScreen.storyboard;
			sourceTree = "<group>";
		};
/* End PBXVariantGroup section */

/* Begin XCBuildConfiguration section */
		F657B8801BE8EF8800CD710D /* Debug */ = {
			isa = XCBuildConfiguration;
			buildSettings = {
				ALWAYS_SEARCH_USER_PATHS = NO;
				CLANG_CXX_LANGUAGE_STANDARD = "gnu++0x";
				CLANG_CXX_LIBRARY = "libc++";
				CLANG_ENABLE_MODULES = YES;
				CLANG_ENABLE_OBJC_ARC = YES;
				CLANG_WARN_BOOL_CONVERSION = YES;
				CLANG_WARN_CONSTANT_CONVERSION = YES;
				CLANG_WARN_DIRECT_OBJC_ISA_USAGE = YES_ERROR;
				CLANG_WARN_EMPTY_BODY = YES;
				CLANG_WARN_ENUM_CONVERSION = YES;
				CLANG_WARN_INT_CONVERSION = YES;
				CLANG_WARN_OBJC_ROOT_CLASS = YES_ERROR;
				CLANG_WARN_UNREACHABLE_CODE = YES;
				CLANG_WARN__DUPLICATE_METHOD_MATCH = YES;
				"CODE_SIGN_IDENTITY[sdk=iphoneos*]" = "iPhone Developer";
				COPY_PHASE_STRIP = NO;
				DEBUG_INFORMATION_FORMAT = dwarf;
				ENABLE_STRICT_OBJC_MSGSEND = YES;
				ENABLE_TESTABILITY = YES;
				GCC_C_LANGUAGE_STANDARD = gnu99;
				GCC_DYNAMIC_NO_PIC = NO;
				GCC_NO_COMMON_BLOCKS = YES;
				GCC_OPTIMIZATION_LEVEL = 0;
				GCC_PREPROCESSOR_DEFINITIONS = (
					"DEBUG=1",
					"$(inherited)",
				);
				GCC_WARN_64_TO_32_BIT_CONVERSION = YES;
				GCC_WARN_ABOUT_RETURN_TYPE = YES_ERROR;
				GCC_WARN_UNDECLARED_SELECTOR = YES;
				GCC_WARN_UNINITIALIZED_AUTOS = YES_AGGRESSIVE;
				GCC_WARN_UNUSED_FUNCTION = YES;
				GCC_WARN_UNUSED_VARIABLE = YES;
				IPHONEOS_DEPLOYMENT_TARGET = 9.1;
				MTL_ENABLE_DEBUG_INFO = YES;
				ONLY_ACTIVE_ARCH = YES;
				SDKROOT = iphoneos;
				SWIFT_OPTIMIZATION_LEVEL = "-Onone";
			};
			name = Debug;
		};
		F657B8811BE8EF8800CD710D /* Release */ = {
			isa = XCBuildConfiguration;
			buildSettings = {
				ALWAYS_SEARCH_USER_PATHS = NO;
				CLANG_CXX_LANGUAGE_STANDARD = "gnu++0x";
				CLANG_CXX_LIBRARY = "libc++";
				CLANG_ENABLE_MODULES = YES;
				CLANG_ENABLE_OBJC_ARC = YES;
				CLANG_WARN_BOOL_CONVERSION = YES;
				CLANG_WARN_CONSTANT_CONVERSION = YES;
				CLANG_WARN_DIRECT_OBJC_ISA_USAGE = YES_ERROR;
				CLANG_WARN_EMPTY_BODY = YES;
				CLANG_WARN_ENUM_CONVERSION = YES;
				CLANG_WARN_INT_CONVERSION = YES;
				CLANG_WARN_OBJC_ROOT_CLASS = YES_ERROR;
				CLANG_WARN_UNREACHABLE_CODE = YES;
				CLANG_WARN__DUPLICATE_METHOD_MATCH = YES;
				"CODE_SIGN_IDENTITY[sdk=iphoneos*]" = "iPhone Developer";
				COPY_PHASE_STRIP = NO;
				DEBUG_INFORMATION_FORMAT = "dwarf-with-dsym";
				ENABLE_NS_ASSERTIONS = NO;
				ENABLE_STRICT_OBJC_MSGSEND = YES;
				GCC_C_LANGUAGE_STANDARD = gnu99;
				GCC_NO_COMMON_BLOCKS = YES;
				GCC_WARN_64_TO_32_BIT_CONVERSION = YES;
				GCC_WARN_ABOUT_RETURN_TYPE = YES_ERROR;
				GCC_WARN_UNDECLARED_SELECTOR = YES;
				GCC_WARN_UNINITIALIZED_AUTOS = YES_AGGRESSIVE;
				GCC_WARN_UNUSED_FUNCTION = YES;
				GCC_WARN_UNUSED_VARIABLE = YES;
				IPHONEOS_DEPLOYMENT_TARGET = 9.1;
				MTL_ENABLE_DEBUG_INFO = NO;
				SDKROOT = iphoneos;
				VALIDATE_PRODUCT = YES;
			};
			name = Release;
		};
		F657B8831BE8EF8800CD710D /* Debug */ = {
			isa = XCBuildConfiguration;
			buildSettings = {
				ASSETCATALOG_COMPILER_APPICON_NAME = AppIcon;
				INFOPLIST_FILE = FoodTracker/Info.plist;
				LD_RUNPATH_SEARCH_PATHS = "$(inherited) @executable_path/Frameworks";
				PRODUCT_BUNDLE_IDENTIFIER = com.lewiswon.FoodTracker;
				PRODUCT_NAME = "$(TARGET_NAME)";
			};
			name = Debug;
		};
		F657B8841BE8EF8800CD710D /* Release */ = {
			isa = XCBuildConfiguration;
			buildSettings = {
				ASSETCATALOG_COMPILER_APPICON_NAME = AppIcon;
				INFOPLIST_FILE = FoodTracker/Info.plist;
				LD_RUNPATH_SEARCH_PATHS = "$(inherited) @executable_path/Frameworks";
				PRODUCT_BUNDLE_IDENTIFIER = com.lewiswon.FoodTracker;
				PRODUCT_NAME = "$(TARGET_NAME)";
			};
			name = Release;
		};
		F657B8861BE8EF8800CD710D /* Debug */ = {
			isa = XCBuildConfiguration;
			buildSettings = {
				BUNDLE_LOADER = "$(TEST_HOST)";
				INFOPLIST_FILE = FoodTrackerTests/Info.plist;
				LD_RUNPATH_SEARCH_PATHS = "$(inherited) @executable_path/Frameworks @loader_path/Frameworks";
				PRODUCT_BUNDLE_IDENTIFIER = com.lewiswon.FoodTrackerTests;
				PRODUCT_NAME = "$(TARGET_NAME)";
				TEST_HOST = "$(BUILT_PRODUCTS_DIR)/FoodTracker.app/FoodTracker";
			};
			name = Debug;
		};
		F657B8871BE8EF8800CD710D /* Release */ = {
			isa = XCBuildConfiguration;
			buildSettings = {
				BUNDLE_LOADER = "$(TEST_HOST)";
				INFOPLIST_FILE = FoodTrackerTests/Info.plist;
				LD_RUNPATH_SEARCH_PATHS = "$(inherited) @executable_path/Frameworks @loader_path/Frameworks";
				PRODUCT_BUNDLE_IDENTIFIER = com.lewiswon.FoodTrackerTests;
				PRODUCT_NAME = "$(TARGET_NAME)";
				TEST_HOST = "$(BUILT_PRODUCTS_DIR)/FoodTracker.app/FoodTracker";
			};
			name = Release;
		};
/* End XCBuildConfiguration section */

/* Begin XCConfigurationList section */
		F657B8601BE8EF8800CD710D /* Build configuration list for PBXProject "FoodTracker" */ = {
			isa = XCConfigurationList;
			buildConfigurations = (
				F657B8801BE8EF8800CD710D /* Debug */,
				F657B8811BE8EF8800CD710D /* Release */,
			);
			defaultConfigurationIsVisible = 0;
			defaultConfigurationName = Release;
		};
		F657B8821BE8EF8800CD710D /* Build configuration list for PBXNativeTarget "FoodTracker" */ = {
			isa = XCConfigurationList;
			buildConfigurations = (
				F657B8831BE8EF8800CD710D /* Debug */,
				F657B8841BE8EF8800CD710D /* Release */,
			);
			defaultConfigurationIsVisible = 0;
		};
		F657B8851BE8EF8800CD710D /* Build configuration list for PBXNativeTarget "FoodTrackerTests" */ = {
			isa = XCConfigurationList;
			buildConfigurations = (
				F657B8861BE8EF8800CD710D /* Debug */,
				F657B8871BE8EF8800CD710D /* Release */,
			);
			defaultConfigurationIsVisible = 0;
		};
/* End XCConfigurationList section */
	};
	rootObject = F657B85D1BE8EF8800CD710D /* Project object */;
}
